PODS:
  - Flutter (1.0.0)
  - moony_nav_bar (0.0.1):
    - Flutter

DEPENDENCIES:
  - Flutter (from `Flutter`)
  - moony_nav_bar (from `.symlinks/plugins/moony_nav_bar/ios`)

EXTERNAL SOURCES:
  Flutter:
    :path: Flutter
  moony_nav_bar:
    :path: ".symlinks/plugins/moony_nav_bar/ios"

SPEC CHECKSUMS:
  Flutter: 434fef37c0980e73bb6479ef766c45957d4b510c
  moony_nav_bar: c754df53e5ffd05cbb097b7afe1dd9a657a8695a

PODFILE CHECKSUM: aafe91acc616949ddb318b77800a7f51bffa2a4c

COCOAPODS: 1.11.3
